
Microsoft Visual Studio Solution File, Format Version 12.00
# Visual Studio Version 16
VisualStudioVersion = 16.0.32106.194
MinimumVisualStudioVersion = 10.0.40219.1
Project("{9A19103F-16F7-4668-BE54-9A1E7A4F7556}") = "Basics", "Basics\Basics.csproj", "{B2540F33-BE46-4BD1-9E48-90ECDD8E4AFB}"
EndProject
Project("{9A19103F-16F7-4668-BE54-9A1E7A4F7556}") = "IdentityExample", "IdentityExample\IdentityExample.csproj", "{235519CB-7E7E-4E76-9D5A-40A25EE16941}"
EndProject
Project("{2150E333-8FDC-42A3-9474-1A3956D46DE8}") = "Basic", "Basic", "{CAB8F43D-3F34-49FB-A0EB-5973834EBE78}"
EndProject
Project("{2150E333-8FDC-42A3-9474-1A3956D46DE8}") = "oauth", "oauth", "{91CF0DAE-416A-49AC-9A51-22B8869FFA2F}"
EndProject
Project("{9A19103F-16F7-4668-BE54-9A1E7A4F7556}") = "Server", "Server\Server.csproj", "{7273186B-E990-4AC5-9F76-0D4628212C53}"
EndProject
Project("{2150E333-8FDC-42A3-9474-1A3956D46DE8}") = "identityserver4", "identityserver4", "{E8D2F0A6-017B-4A7C-A833-E12D7935D5B8}"
EndProject
Project("{FAE04EC0-301F-11D3-BF4B-00C04F79EFBC}") = "IdentityServer", "IdentityServer\IdentityServer.csproj", "{078E9D70-4415-44C8-AE83-551AA6931118}"
EndProject
Project("{FAE04EC0-301F-11D3-BF4B-00C04F79EFBC}") = "ApiOne", "ApiOne\ApiOne.csproj", "{BAD1ACCD-35F1-4EFD-AE79-C49877739DAB}"
EndProject
Project("{FAE04EC0-301F-11D3-BF4B-00C04F79EFBC}") = "ApiTwo", "ApiTwo\ApiTwo.csproj", "{80F8B32B-D579-4E82-B07E-4C22DB1B5E32}"
EndProject
Project("{FAE04EC0-301F-11D3-BF4B-00C04F79EFBC}") = "MvcClient", "MvcClient\MvcClient.csproj", "{881E4343-6062-456B-9D49-C907655F555D}"
EndProject
Global
	GlobalSection(SolutionConfigurationPlatforms) = preSolution
		Debug|Any CPU = Debug|Any CPU
		Release|Any CPU = Release|Any CPU
	EndGlobalSection
	GlobalSection(ProjectConfigurationPlatforms) = postSolution
		{B2540F33-BE46-4BD1-9E48-90ECDD8E4AFB}.Debug|Any CPU.ActiveCfg = Debug|Any CPU
		{B2540F33-BE46-4BD1-9E48-90ECDD8E4AFB}.Debug|Any CPU.Build.0 = Debug|Any CPU
		{B2540F33-BE46-4BD1-9E48-90ECDD8E4AFB}.Release|Any CPU.ActiveCfg = Release|Any CPU
		{B2540F33-BE46-4BD1-9E48-90ECDD8E4AFB}.Release|Any CPU.Build.0 = Release|Any CPU
		{235519CB-7E7E-4E76-9D5A-40A25EE16941}.Debug|Any CPU.ActiveCfg = Debug|Any CPU
		{235519CB-7E7E-4E76-9D5A-40A25EE16941}.Debug|Any CPU.Build.0 = Debug|Any CPU
		{235519CB-7E7E-4E76-9D5A-40A25EE16941}.Release|Any CPU.ActiveCfg = Release|Any CPU
		{235519CB-7E7E-4E76-9D5A-40A25EE16941}.Release|Any CPU.Build.0 = Release|Any CPU
		{7273186B-E990-4AC5-9F76-0D4628212C53}.Debug|Any CPU.ActiveCfg = Debug|Any CPU
		{7273186B-E990-4AC5-9F76-0D4628212C53}.Debug|Any CPU.Build.0 = Debug|Any CPU
		{7273186B-E990-4AC5-9F76-0D4628212C53}.Release|Any CPU.ActiveCfg = Release|Any CPU
		{7273186B-E990-4AC5-9F76-0D4628212C53}.Release|Any CPU.Build.0 = Release|Any CPU
		{078E9D70-4415-44C8-AE83-551AA6931118}.Debug|Any CPU.ActiveCfg = Debug|Any CPU
		{078E9D70-4415-44C8-AE83-551AA6931118}.Debug|Any CPU.Build.0 = Debug|Any CPU
		{078E9D70-4415-44C8-AE83-551AA6931118}.Release|Any CPU.ActiveCfg = Release|Any CPU
		{078E9D70-4415-44C8-AE83-551AA6931118}.Release|Any CPU.Build.0 = Release|Any CPU
		{BAD1ACCD-35F1-4EFD-AE79-C49877739DAB}.Debug|Any CPU.ActiveCfg = Debug|Any CPU
		{BAD1ACCD-35F1-4EFD-AE79-C49877739DAB}.Debug|Any CPU.Build.0 = Debug|Any CPU
		{BAD1ACCD-35F1-4EFD-AE79-C49877739DAB}.Release|Any CPU.ActiveCfg = Release|Any CPU
		{BAD1ACCD-35F1-4EFD-AE79-C49877739DAB}.Release|Any CPU.Build.0 = Release|Any CPU
		{80F8B32B-D579-4E82-B07E-4C22DB1B5E32}.Debug|Any CPU.ActiveCfg = Debug|Any CPU
		{80F8B32B-D579-4E82-B07E-4C22DB1B5E32}.Debug|Any CPU.Build.0 = Debug|Any CPU
		{80F8B32B-D579-4E82-B07E-4C22DB1B5E32}.Release|Any CPU.ActiveCfg = Release|Any CPU
		{80F8B32B-D579-4E82-B07E-4C22DB1B5E32}.Release|Any CPU.Build.0 = Release|Any CPU
		{881E4343-6062-456B-9D49-C907655F555D}.Debug|Any CPU.ActiveCfg = Debug|Any CPU
		{881E4343-6062-456B-9D49-C907655F555D}.Debug|Any CPU.Build.0 = Debug|Any CPU
		{881E4343-6062-456B-9D49-C907655F555D}.Release|Any CPU.ActiveCfg = Release|Any CPU
		{881E4343-6062-456B-9D49-C907655F555D}.Release|Any CPU.Build.0 = Release|Any CPU
	EndGlobalSection
	GlobalSection(SolutionProperties) = preSolution
		HideSolutionNode = FALSE
	EndGlobalSection
	GlobalSection(NestedProjects) = preSolution
		{B2540F33-BE46-4BD1-9E48-90ECDD8E4AFB} = {CAB8F43D-3F34-49FB-A0EB-5973834EBE78}
		{235519CB-7E7E-4E76-9D5A-40A25EE16941} = {CAB8F43D-3F34-49FB-A0EB-5973834EBE78}
		{7273186B-E990-4AC5-9F76-0D4628212C53} = {91CF0DAE-416A-49AC-9A51-22B8869FFA2F}
		{078E9D70-4415-44C8-AE83-551AA6931118} = {E8D2F0A6-017B-4A7C-A833-E12D7935D5B8}
		{BAD1ACCD-35F1-4EFD-AE79-C49877739DAB} = {E8D2F0A6-017B-4A7C-A833-E12D7935D5B8}
		{80F8B32B-D579-4E82-B07E-4C22DB1B5E32} = {E8D2F0A6-017B-4A7C-A833-E12D7935D5B8}
		{881E4343-6062-456B-9D49-C907655F555D} = {E8D2F0A6-017B-4A7C-A833-E12D7935D5B8}
	EndGlobalSection
	GlobalSection(ExtensibilityGlobals) = postSolution
		SolutionGuid = {4FAF129D-9E8F-4AED-8CA2-F59380D37A4F}
	EndGlobalSection
EndGlobal
